
Microsoft Visual Studio Solution File, Format Version 12.00
# Visual Studio 14
VisualStudioVersion = 14.0.25420.1
MinimumVisualStudioVersion = 10.0.40219.1
Project("{FAE04EC0-301F-11D3-BF4B-00C04F79EFBC}") = "Task1", "Task1\Task1.csproj", "{FBFB874D-DD90-4FAF-9C53-C4041E3C9762}"
EndProject
Project("{FAE04EC0-301F-11D3-BF4B-00C04F79EFBC}") = "Task2", "Task2\Task2.csproj", "{138FBF83-9588-45DD-A2E0-6236AC259583}"
EndProject
Project("{FAE04EC0-301F-11D3-BF4B-00C04F79EFBC}") = "Task1.Tests", "Task1.Tests\Task1.Tests.csproj", "{1FDC007D-4343-4E67-913E-CB40D570EC41}"
EndProject
Global
	GlobalSection(SolutionConfigurationPlatforms) = preSolution
		Debug|Any CPU = Debug|Any CPU
		Release|Any CPU = Release|Any CPU
	EndGlobalSection
	GlobalSection(ProjectConfigurationPlatforms) = postSolution
		{FBFB874D-DD90-4FAF-9C53-C4041E3C9762}.Debug|Any CPU.ActiveCfg = Debug|Any CPU
		{FBFB874D-DD90-4FAF-9C53-C4041E3C9762}.Debug|Any CPU.Build.0 = Debug|Any CPU
		{FBFB874D-DD90-4FAF-9C53-C4041E3C9762}.Release|Any CPU.ActiveCfg = Release|Any CPU
		{FBFB874D-DD90-4FAF-9C53-C4041E3C9762}.Release|Any CPU.Build.0 = Release|Any CPU
		{138FBF83-9588-45DD-A2E0-6236AC259583}.Debug|Any CPU.ActiveCfg = Debug|Any CPU
		{138FBF83-9588-45DD-A2E0-6236AC259583}.Debug|Any CPU.Build.0 = Debug|Any CPU
		{138FBF83-9588-45DD-A2E0-6236AC259583}.Release|Any CPU.ActiveCfg = Release|Any CPU
		{138FBF83-9588-45DD-A2E0-6236AC259583}.Release|Any CPU.Build.0 = Release|Any CPU
		{1FDC007D-4343-4E67-913E-CB40D570EC41}.Debug|Any CPU.ActiveCfg = Debug|Any CPU
		{1FDC007D-4343-4E67-913E-CB40D570EC41}.Debug|Any CPU.Build.0 = Debug|Any CPU
		{1FDC007D-4343-4E67-913E-CB40D570EC41}.Release|Any CPU.ActiveCfg = Release|Any CPU
		{1FDC007D-4343-4E67-913E-CB40D570EC41}.Release|Any CPU.Build.0 = Release|Any CPU
	EndGlobalSection
	GlobalSection(SolutionProperties) = preSolution
		HideSolutionNode = FALSE
	EndGlobalSection
EndGlobal
